
Microsoft Visual Studio Solution File, Format Version 12.00
# Visual Studio Version 17
VisualStudioVersion = 17.8.34511.84
MinimumVisualStudioVersion = 10.0.40219.1
Project("{FAE04EC0-301F-11D3-BF4B-00C04F79EFBC}") = "SuperHeroApi_net8", "SuperHeroApi_net8\SuperHeroApi_net8.csproj", "{0F45AD59-056D-497E-96BC-174DB6672AB1}"
EndProject
Global
	GlobalSection(SolutionConfigurationPlatforms) = preSolution
		Debug|Any CPU = Debug|Any CPU
		Release|Any CPU = Release|Any CPU
	EndGlobalSection
	GlobalSection(ProjectConfigurationPlatforms) = postSolution
		{0F45AD59-056D-497E-96BC-174DB6672AB1}.Debug|Any CPU.ActiveCfg = Debug|Any CPU
		{0F45AD59-056D-497E-96BC-174DB6672AB1}.Debug|Any CPU.Build.0 = Debug|Any CPU
		{0F45AD59-056D-497E-96BC-174DB6672AB1}.Release|Any CPU.ActiveCfg = Release|Any CPU
		{0F45AD59-056D-497E-96BC-174DB6672AB1}.Release|Any CPU.Build.0 = Release|Any CPU
	EndGlobalSection
	GlobalSection(SolutionProperties) = preSolution
		HideSolutionNode = FALSE
	EndGlobalSection
	GlobalSection(ExtensibilityGlobals) = postSolution
		SolutionGuid = {A1226F47-7767-4386-9A6F-DCE017814C9A}
	EndGlobalSection
EndGlobal
